{
  "name": "spadon-1",
  "version": "1.0.0",
  "lockfileVersion": 2,
  "requires": true,
  "packages": {
    "": {
      "name": "spadon-1",
      "version": "1.0.0",
      "license": "ISC",
      "dependencies": {
        "local-ip": "^2.0.0",
        "node-arp": "^1.0.6",
        "ping": "^0.4.4"
      }
    },
    "node_modules/local-ip": {
      "version": "2.0.0",
      "resolved": "https://registry.npmjs.org/local-ip/-/local-ip-2.0.0.tgz",
      "integrity": "sha512-QGDfLPbi+uLKxWoovNpgRi9TSndOr7WQVbJl3tomg4G5c65oyUloBqlW9h1leWvFpmRHrC5pKrA/Fvsghe1x6Q=="
    },
    "node_modules/node-arp": {
      "version": "1.0.6",
      "resolved": "https://registry.npmjs.org/node-arp/-/node-arp-1.0.6.tgz",
      "integrity": "sha512-miX3CXZv1CvsWeAeoB66GVbn8X0WEbcZTmpZBnIzK4t02YF7+JDeFxYWFcqcDDaM2d/vzUFTx4zxr+G1NBRmGQ==",
      "engines": {
        "node": "*"
      }
    },
    "node_modules/ping": {
      "version": "0.4.4",
      "resolved": "https://registry.npmjs.org/ping/-/ping-0.4.4.tgz",
      "integrity": "sha512-56ZMC0j7SCsMMLdOoUg12VZCfj/+ZO+yfOSjaNCRrmZZr6GLbN2X/Ui56T15dI8NhiHckaw5X2pvyfAomanwqQ==",
      "engines": {
        "node": ">=4.0.0"
      }
    }
  },
  "dependencies": {
    "local-ip": {
      "version": "2.0.0",
      "resolved": "https://registry.npmjs.org/local-ip/-/local-ip-2.0.0.tgz",
      "integrity": "sha512-QGDfLPbi+uLKxWoovNpgRi9TSndOr7WQVbJl3tomg4G5c65oyUloBqlW9h1leWvFpmRHrC5pKrA/Fvsghe1x6Q=="
    },
    "node-arp": {
      "version": "1.0.6",
      "resolved": "https://registry.npmjs.org/node-arp/-/node-arp-1.0.6.tgz",
      "integrity": "sha512-miX3CXZv1CvsWeAeoB66GVbn8X0WEbcZTmpZBnIzK4t02YF7+JDeFxYWFcqcDDaM2d/vzUFTx4zxr+G1NBRmGQ=="
    },
    "ping": {
      "version": "0.4.4",
      "resolved": "https://registry.npmjs.org/ping/-/ping-0.4.4.tgz",
      "integrity": "sha512-56ZMC0j7SCsMMLdOoUg12VZCfj/+ZO+yfOSjaNCRrmZZr6GLbN2X/Ui56T15dI8NhiHckaw5X2pvyfAomanwqQ=="
    }
  }
}
